
Microsoft Visual Studio Solution File, Format Version 12.00
# Visual Studio Version 17
VisualStudioVersion = 17.0.32014.148
MinimumVisualStudioVersion = 10.0.40219.1
Project("{9A19103F-16F7-4668-BE54-9A1E7A4F7556}") = "syncfusion.chartdemos.winui_lib_net60", "syncfusion.chartdemos.winui_lib_net60.csproj", "{974A54D9-44E9-4C83-A56A-F0E9BD8B3D2D}"
EndProject
Global
	GlobalSection(SolutionConfigurationPlatforms) = preSolution
		Debug|Any CPU = Debug|Any CPU
		Release|Any CPU = Release|Any CPU
	EndGlobalSection
	GlobalSection(ProjectConfigurationPlatforms) = postSolution
		{974A54D9-44E9-4C83-A56A-F0E9BD8B3D2D}.Debug|Any CPU.ActiveCfg = Debug|Any CPU
		{974A54D9-44E9-4C83-A56A-F0E9BD8B3D2D}.Debug|Any CPU.Build.0 = Debug|Any CPU
		{974A54D9-44E9-4C83-A56A-F0E9BD8B3D2D}.Release|Any CPU.ActiveCfg = Release|Any CPU
		{974A54D9-44E9-4C83-A56A-F0E9BD8B3D2D}.Release|Any CPU.Build.0 = Release|Any CPU
	EndGlobalSection
	GlobalSection(SolutionProperties) = preSolution
		HideSolutionNode = FALSE
	EndGlobalSection
	GlobalSection(ExtensibilityGlobals) = postSolution
		SolutionGuid = {822D4EE7-A1A1-489C-A107-370B7AC88121}
	EndGlobalSection
EndGlobal
