
Microsoft Visual Studio Solution File, Format Version 12.00
# Visual Studio Version 17
VisualStudioVersion = 17.0.32014.148
MinimumVisualStudioVersion = 10.0.40219.1
Project("{9A19103F-16F7-4668-BE54-9A1E7A4F7556}") = "Syncfusion.PdfDemos.WinUI_lib_Net60", "Syncfusion.PdfDemos.WinUI_lib_Net60.csproj", "{4FD2D086-8F53-47AA-A547-8E4659762AFC}"
EndProject
Global
	GlobalSection(SolutionConfigurationPlatforms) = preSolution
		Debug|Any CPU = Debug|Any CPU
		Release|Any CPU = Release|Any CPU
	EndGlobalSection
	GlobalSection(ProjectConfigurationPlatforms) = postSolution
		{4FD2D086-8F53-47AA-A547-8E4659762AFC}.Debug|Any CPU.ActiveCfg = Debug|Any CPU
		{4FD2D086-8F53-47AA-A547-8E4659762AFC}.Debug|Any CPU.Build.0 = Debug|Any CPU
		{4FD2D086-8F53-47AA-A547-8E4659762AFC}.Release|Any CPU.ActiveCfg = Release|Any CPU
		{4FD2D086-8F53-47AA-A547-8E4659762AFC}.Release|Any CPU.Build.0 = Release|Any CPU
	EndGlobalSection
	GlobalSection(SolutionProperties) = preSolution
		HideSolutionNode = FALSE
	EndGlobalSection
	GlobalSection(ExtensibilityGlobals) = postSolution
		SolutionGuid = {FFFABDF5-1345-499D-9681-D7027EBFEC28}
	EndGlobalSection
EndGlobal
