
Microsoft Visual Studio Solution File, Format Version 12.00
# Visual Studio Version 17
VisualStudioVersion = 17.0.32014.148
MinimumVisualStudioVersion = 10.0.40219.1
Project("{C7167F0D-BC9F-4E6E-AFE1-012C56B48DB5}") = "syncfusion.samplebrowser.winui_net60 (Package)", "syncfusion.samplebrowser.winui_net60 (Package)\syncfusion.samplebrowser.winui_net60 (Package).wapproj", "{AD778662-71F2-43B1-A319-3B832E3767B4}"
EndProject
Project("{9A19103F-16F7-4668-BE54-9A1E7A4F7556}") = "syncfusion.samplebrowser.winui_net60", "syncfusion.samplebrowser.winui_net60.csproj", "{A4F2B175-37D7-41D3-84A3-FE4BB7CD3A5C}"
EndProject
Project("{9A19103F-16F7-4668-BE54-9A1E7A4F7556}") = "syncfusion.barcodedemos.winui_lib_net60", "..\barcode\syncfusion.barcodedemos.winui_lib_net60.csproj", "{2791EA05-97B1-4E6A-943A-1E532AE17295}"
EndProject
Project("{9A19103F-16F7-4668-BE54-9A1E7A4F7556}") = "syncfusion.calendardemos.winui_lib_net60", "..\calendar\syncfusion.calendardemos.winui_lib_net60.csproj", "{9BF85EAA-95A8-43B4-878B-9FCF326DAA47}"
EndProject
Project("{9A19103F-16F7-4668-BE54-9A1E7A4F7556}") = "syncfusion.chartdemos.winui_lib_net60", "..\chart\syncfusion.chartdemos.winui_lib_net60.csproj", "{14508718-2372-4F05-A0AB-1C3CF26DB4E0}"
EndProject
Project("{9A19103F-16F7-4668-BE54-9A1E7A4F7556}") = "syncfusion.datagriddemos.winui_lib_net60", "..\datagrid\syncfusion.datagriddemos.winui_lib_net60.csproj", "{BE40BF2B-3010-47A1-A696-15538D06156F}"
EndProject
Project("{9A19103F-16F7-4668-BE54-9A1E7A4F7556}") = "syncfusion.dociodemos.winui_lib_net60", "..\docio\syncfusion.dociodemos.winui_lib_net60.csproj", "{1E72D63A-6DAD-41A1-83BF-65F94689A6CE}"
EndProject
Project("{9A19103F-16F7-4668-BE54-9A1E7A4F7556}") = "syncfusion.editordemos.winui_lib_net60", "..\editor\syncfusion.editordemos.winui_lib_net60.csproj", "{B314869A-43F8-4C01-8784-3804FFD2C5B1}"
EndProject
Project("{9A19103F-16F7-4668-BE54-9A1E7A4F7556}") = "syncfusion.lineargaugedemos.winui_lib_net60", "..\lineargauge\syncfusion.lineargaugedemos.winui_lib_net60.csproj", "{ED49FF57-D8A3-476D-A598-0BE2D5C5351F}"
EndProject
Project("{9A19103F-16F7-4668-BE54-9A1E7A4F7556}") = "syncfusion.notificationdemos.winui_lib_net60", "..\notification\syncfusion.notificationdemos.winui_lib_net60.csproj", "{EA9746EF-531A-4E80-863B-0BF102BF83AD}"
EndProject
Project("{9A19103F-16F7-4668-BE54-9A1E7A4F7556}") = "syncfusion.pdfdemos.winui_lib_net60", "..\pdf\syncfusion.pdfdemos.winui_lib_net60.csproj", "{44564821-EBDA-407B-9C9A-8D1FD4FF6E5D}"
EndProject
Project("{9A19103F-16F7-4668-BE54-9A1E7A4F7556}") = "syncfusion.presentationdemos.winui_lib_net60", "..\presentation\syncfusion.presentationdemos.winui_lib_net60.csproj", "{E77FBFD3-8128-4A8D-B6EA-BB620A8A6869}"
EndProject
Project("{9A19103F-16F7-4668-BE54-9A1E7A4F7556}") = "syncfusion.radialgaugedemos.winui_lib_net60", "..\radialgauge\syncfusion.radialgaugedemos.winui_lib_net60.csproj", "{AD60F486-47BD-42A3-85BD-BD65F96A718D}"
EndProject
Project("{9A19103F-16F7-4668-BE54-9A1E7A4F7556}") = "syncfusion.ribbondemos.winui_lib_net60", "..\ribbon\syncfusion.ribbondemos.winui_lib_net60.csproj", "{EDC7B781-C4FF-4141-BF0D-A0F90D885903}"
EndProject
Project("{9A19103F-16F7-4668-BE54-9A1E7A4F7556}") = "syncfusion.schedulerdemos.winui_lib_net60", "..\scheduler\syncfusion.schedulerdemos.winui_lib_net60.csproj", "{A2DD5059-3D2D-4FD9-9321-8738960F000F}"
EndProject
Project("{9A19103F-16F7-4668-BE54-9A1E7A4F7556}") = "syncfusion.sliderdemos.winui_lib_net60", "..\sliders\syncfusion.sliderdemos.winui_lib_net60.csproj", "{21B63851-3E05-43E7-BE65-06CF44FE4847}"
EndProject
Project("{9A19103F-16F7-4668-BE54-9A1E7A4F7556}") = "syncfusion.treegriddemos.winui_lib_net60", "..\treegrid\syncfusion.treegriddemos.winui_lib_net60.csproj", "{E8CE5C8C-7014-4004-A9A6-FECC3467D390}"
EndProject
Project("{9A19103F-16F7-4668-BE54-9A1E7A4F7556}") = "syncfusion.treeviewdemos.winui_lib_net60", "..\treeview\syncfusion.treeviewdemos.winui_lib_net60.csproj", "{9BCFF480-F2E2-4F99-A509-FBDC6ED2B9DD}"
EndProject
Project("{9A19103F-16F7-4668-BE54-9A1E7A4F7556}") = "syncfusion.xlsiodemos.winui_lib_net60", "..\xlsio\syncfusion.xlsiodemos.winui_lib_net60.csproj", "{5B02E937-2B9F-422A-A33F-A20D1CE70881}"
EndProject
Project("{9A19103F-16F7-4668-BE54-9A1E7A4F7556}") = "syncfusion.demoscommon.winui_lib_net60", "..\common\syncfusion.demoscommon.winui_lib_net60.csproj", "{C3F40696-2C74-49C4-A4F4-87B0E8187842}"
EndProject
Global
	GlobalSection(SolutionConfigurationPlatforms) = preSolution
		Debug|x64 = Debug|x64
		Debug|x86 = Debug|x86
		Release|x64 = Release|x64
		Release|x86 = Release|x86
	EndGlobalSection
	GlobalSection(ProjectConfigurationPlatforms) = postSolution
		{AD778662-71F2-43B1-A319-3B832E3767B4}.Debug|x64.ActiveCfg = Debug|x64
		{AD778662-71F2-43B1-A319-3B832E3767B4}.Debug|x64.Build.0 = Debug|x64
		{AD778662-71F2-43B1-A319-3B832E3767B4}.Debug|x64.Deploy.0 = Debug|x64
		{AD778662-71F2-43B1-A319-3B832E3767B4}.Debug|x86.ActiveCfg = Debug|x86
		{AD778662-71F2-43B1-A319-3B832E3767B4}.Debug|x86.Build.0 = Debug|x86
		{AD778662-71F2-43B1-A319-3B832E3767B4}.Debug|x86.Deploy.0 = Debug|x86
		{AD778662-71F2-43B1-A319-3B832E3767B4}.Release|x64.ActiveCfg = Release|x64
		{AD778662-71F2-43B1-A319-3B832E3767B4}.Release|x64.Build.0 = Release|x64
		{AD778662-71F2-43B1-A319-3B832E3767B4}.Release|x64.Deploy.0 = Release|x64
		{AD778662-71F2-43B1-A319-3B832E3767B4}.Release|x86.ActiveCfg = Release|x86
		{AD778662-71F2-43B1-A319-3B832E3767B4}.Release|x86.Build.0 = Release|x86
		{AD778662-71F2-43B1-A319-3B832E3767B4}.Release|x86.Deploy.0 = Release|x86
		{A4F2B175-37D7-41D3-84A3-FE4BB7CD3A5C}.Debug|x64.ActiveCfg = Debug|x64
		{A4F2B175-37D7-41D3-84A3-FE4BB7CD3A5C}.Debug|x64.Build.0 = Debug|x64
		{A4F2B175-37D7-41D3-84A3-FE4BB7CD3A5C}.Debug|x64.Deploy.0 = Debug|x64
		{A4F2B175-37D7-41D3-84A3-FE4BB7CD3A5C}.Debug|x86.ActiveCfg = Debug|x86
		{A4F2B175-37D7-41D3-84A3-FE4BB7CD3A5C}.Debug|x86.Build.0 = Debug|x86
		{A4F2B175-37D7-41D3-84A3-FE4BB7CD3A5C}.Debug|x86.Deploy.0 = Debug|x86
		{A4F2B175-37D7-41D3-84A3-FE4BB7CD3A5C}.Release|x64.ActiveCfg = Release|x64
		{A4F2B175-37D7-41D3-84A3-FE4BB7CD3A5C}.Release|x64.Build.0 = Release|x64
		{A4F2B175-37D7-41D3-84A3-FE4BB7CD3A5C}.Release|x64.Deploy.0 = Release|x64
		{A4F2B175-37D7-41D3-84A3-FE4BB7CD3A5C}.Release|x86.ActiveCfg = Release|x86
		{A4F2B175-37D7-41D3-84A3-FE4BB7CD3A5C}.Release|x86.Build.0 = Release|x86
		{A4F2B175-37D7-41D3-84A3-FE4BB7CD3A5C}.Release|x86.Deploy.0 = Release|x86
		{2791EA05-97B1-4E6A-943A-1E532AE17295}.Debug|x64.ActiveCfg = Debug|Any CPU
		{2791EA05-97B1-4E6A-943A-1E532AE17295}.Debug|x64.Build.0 = Debug|Any CPU
		{2791EA05-97B1-4E6A-943A-1E532AE17295}.Debug|x86.ActiveCfg = Debug|Any CPU
		{2791EA05-97B1-4E6A-943A-1E532AE17295}.Debug|x86.Build.0 = Debug|Any CPU
		{2791EA05-97B1-4E6A-943A-1E532AE17295}.Release|x64.ActiveCfg = Release|Any CPU
		{2791EA05-97B1-4E6A-943A-1E532AE17295}.Release|x64.Build.0 = Release|Any CPU
		{2791EA05-97B1-4E6A-943A-1E532AE17295}.Release|x86.ActiveCfg = Release|Any CPU
		{2791EA05-97B1-4E6A-943A-1E532AE17295}.Release|x86.Build.0 = Release|Any CPU
		{9BF85EAA-95A8-43B4-878B-9FCF326DAA47}.Debug|x64.ActiveCfg = Debug|Any CPU
		{9BF85EAA-95A8-43B4-878B-9FCF326DAA47}.Debug|x64.Build.0 = Debug|Any CPU
		{9BF85EAA-95A8-43B4-878B-9FCF326DAA47}.Debug|x86.ActiveCfg = Debug|Any CPU
		{9BF85EAA-95A8-43B4-878B-9FCF326DAA47}.Debug|x86.Build.0 = Debug|Any CPU
		{9BF85EAA-95A8-43B4-878B-9FCF326DAA47}.Release|x64.ActiveCfg = Release|Any CPU
		{9BF85EAA-95A8-43B4-878B-9FCF326DAA47}.Release|x64.Build.0 = Release|Any CPU
		{9BF85EAA-95A8-43B4-878B-9FCF326DAA47}.Release|x86.ActiveCfg = Release|Any CPU
		{9BF85EAA-95A8-43B4-878B-9FCF326DAA47}.Release|x86.Build.0 = Release|Any CPU
		{14508718-2372-4F05-A0AB-1C3CF26DB4E0}.Debug|x64.ActiveCfg = Debug|Any CPU
		{14508718-2372-4F05-A0AB-1C3CF26DB4E0}.Debug|x64.Build.0 = Debug|Any CPU
		{14508718-2372-4F05-A0AB-1C3CF26DB4E0}.Debug|x86.ActiveCfg = Debug|Any CPU
		{14508718-2372-4F05-A0AB-1C3CF26DB4E0}.Debug|x86.Build.0 = Debug|Any CPU
		{14508718-2372-4F05-A0AB-1C3CF26DB4E0}.Release|x64.ActiveCfg = Release|Any CPU
		{14508718-2372-4F05-A0AB-1C3CF26DB4E0}.Release|x64.Build.0 = Release|Any CPU
		{14508718-2372-4F05-A0AB-1C3CF26DB4E0}.Release|x86.ActiveCfg = Release|Any CPU
		{14508718-2372-4F05-A0AB-1C3CF26DB4E0}.Release|x86.Build.0 = Release|Any CPU
		{BE40BF2B-3010-47A1-A696-15538D06156F}.Debug|x64.ActiveCfg = Debug|Any CPU
		{BE40BF2B-3010-47A1-A696-15538D06156F}.Debug|x64.Build.0 = Debug|Any CPU
		{BE40BF2B-3010-47A1-A696-15538D06156F}.Debug|x86.ActiveCfg = Debug|Any CPU
		{BE40BF2B-3010-47A1-A696-15538D06156F}.Debug|x86.Build.0 = Debug|Any CPU
		{BE40BF2B-3010-47A1-A696-15538D06156F}.Release|x64.ActiveCfg = Release|Any CPU
		{BE40BF2B-3010-47A1-A696-15538D06156F}.Release|x64.Build.0 = Release|Any CPU
		{BE40BF2B-3010-47A1-A696-15538D06156F}.Release|x86.ActiveCfg = Release|Any CPU
		{BE40BF2B-3010-47A1-A696-15538D06156F}.Release|x86.Build.0 = Release|Any CPU
		{1E72D63A-6DAD-41A1-83BF-65F94689A6CE}.Debug|x64.ActiveCfg = Debug|Any CPU
		{1E72D63A-6DAD-41A1-83BF-65F94689A6CE}.Debug|x64.Build.0 = Debug|Any CPU
		{1E72D63A-6DAD-41A1-83BF-65F94689A6CE}.Debug|x86.ActiveCfg = Debug|Any CPU
		{1E72D63A-6DAD-41A1-83BF-65F94689A6CE}.Debug|x86.Build.0 = Debug|Any CPU
		{1E72D63A-6DAD-41A1-83BF-65F94689A6CE}.Release|x64.ActiveCfg = Release|Any CPU
		{1E72D63A-6DAD-41A1-83BF-65F94689A6CE}.Release|x64.Build.0 = Release|Any CPU
		{1E72D63A-6DAD-41A1-83BF-65F94689A6CE}.Release|x86.ActiveCfg = Release|Any CPU
		{1E72D63A-6DAD-41A1-83BF-65F94689A6CE}.Release|x86.Build.0 = Release|Any CPU
		{B314869A-43F8-4C01-8784-3804FFD2C5B1}.Debug|x64.ActiveCfg = Debug|Any CPU
		{B314869A-43F8-4C01-8784-3804FFD2C5B1}.Debug|x64.Build.0 = Debug|Any CPU
		{B314869A-43F8-4C01-8784-3804FFD2C5B1}.Debug|x86.ActiveCfg = Debug|Any CPU
		{B314869A-43F8-4C01-8784-3804FFD2C5B1}.Debug|x86.Build.0 = Debug|Any CPU
		{B314869A-43F8-4C01-8784-3804FFD2C5B1}.Release|x64.ActiveCfg = Release|Any CPU
		{B314869A-43F8-4C01-8784-3804FFD2C5B1}.Release|x64.Build.0 = Release|Any CPU
		{B314869A-43F8-4C01-8784-3804FFD2C5B1}.Release|x86.ActiveCfg = Release|Any CPU
		{B314869A-43F8-4C01-8784-3804FFD2C5B1}.Release|x86.Build.0 = Release|Any CPU
		{ED49FF57-D8A3-476D-A598-0BE2D5C5351F}.Debug|x64.ActiveCfg = Debug|Any CPU
		{ED49FF57-D8A3-476D-A598-0BE2D5C5351F}.Debug|x64.Build.0 = Debug|Any CPU
		{ED49FF57-D8A3-476D-A598-0BE2D5C5351F}.Debug|x86.ActiveCfg = Debug|Any CPU
		{ED49FF57-D8A3-476D-A598-0BE2D5C5351F}.Debug|x86.Build.0 = Debug|Any CPU
		{ED49FF57-D8A3-476D-A598-0BE2D5C5351F}.Release|x64.ActiveCfg = Release|Any CPU
		{ED49FF57-D8A3-476D-A598-0BE2D5C5351F}.Release|x64.Build.0 = Release|Any CPU
		{ED49FF57-D8A3-476D-A598-0BE2D5C5351F}.Release|x86.ActiveCfg = Release|Any CPU
		{ED49FF57-D8A3-476D-A598-0BE2D5C5351F}.Release|x86.Build.0 = Release|Any CPU
		{EA9746EF-531A-4E80-863B-0BF102BF83AD}.Debug|x64.ActiveCfg = Debug|Any CPU
		{EA9746EF-531A-4E80-863B-0BF102BF83AD}.Debug|x64.Build.0 = Debug|Any CPU
		{EA9746EF-531A-4E80-863B-0BF102BF83AD}.Debug|x86.ActiveCfg = Debug|Any CPU
		{EA9746EF-531A-4E80-863B-0BF102BF83AD}.Debug|x86.Build.0 = Debug|Any CPU
		{EA9746EF-531A-4E80-863B-0BF102BF83AD}.Release|x64.ActiveCfg = Release|Any CPU
		{EA9746EF-531A-4E80-863B-0BF102BF83AD}.Release|x64.Build.0 = Release|Any CPU
		{EA9746EF-531A-4E80-863B-0BF102BF83AD}.Release|x86.ActiveCfg = Release|Any CPU
		{EA9746EF-531A-4E80-863B-0BF102BF83AD}.Release|x86.Build.0 = Release|Any CPU
		{44564821-EBDA-407B-9C9A-8D1FD4FF6E5D}.Debug|x64.ActiveCfg = Debug|Any CPU
		{44564821-EBDA-407B-9C9A-8D1FD4FF6E5D}.Debug|x64.Build.0 = Debug|Any CPU
		{44564821-EBDA-407B-9C9A-8D1FD4FF6E5D}.Debug|x86.ActiveCfg = Debug|Any CPU
		{44564821-EBDA-407B-9C9A-8D1FD4FF6E5D}.Debug|x86.Build.0 = Debug|Any CPU
		{44564821-EBDA-407B-9C9A-8D1FD4FF6E5D}.Release|x64.ActiveCfg = Release|Any CPU
		{44564821-EBDA-407B-9C9A-8D1FD4FF6E5D}.Release|x64.Build.0 = Release|Any CPU
		{44564821-EBDA-407B-9C9A-8D1FD4FF6E5D}.Release|x86.ActiveCfg = Release|Any CPU
		{44564821-EBDA-407B-9C9A-8D1FD4FF6E5D}.Release|x86.Build.0 = Release|Any CPU
		{E77FBFD3-8128-4A8D-B6EA-BB620A8A6869}.Debug|x64.ActiveCfg = Debug|Any CPU
		{E77FBFD3-8128-4A8D-B6EA-BB620A8A6869}.Debug|x64.Build.0 = Debug|Any CPU
		{E77FBFD3-8128-4A8D-B6EA-BB620A8A6869}.Debug|x86.ActiveCfg = Debug|Any CPU
		{E77FBFD3-8128-4A8D-B6EA-BB620A8A6869}.Debug|x86.Build.0 = Debug|Any CPU
		{E77FBFD3-8128-4A8D-B6EA-BB620A8A6869}.Release|x64.ActiveCfg = Release|Any CPU
		{E77FBFD3-8128-4A8D-B6EA-BB620A8A6869}.Release|x64.Build.0 = Release|Any CPU
		{E77FBFD3-8128-4A8D-B6EA-BB620A8A6869}.Release|x86.ActiveCfg = Release|Any CPU
		{E77FBFD3-8128-4A8D-B6EA-BB620A8A6869}.Release|x86.Build.0 = Release|Any CPU
		{AD60F486-47BD-42A3-85BD-BD65F96A718D}.Debug|x64.ActiveCfg = Debug|Any CPU
		{AD60F486-47BD-42A3-85BD-BD65F96A718D}.Debug|x64.Build.0 = Debug|Any CPU
		{AD60F486-47BD-42A3-85BD-BD65F96A718D}.Debug|x86.ActiveCfg = Debug|Any CPU
		{AD60F486-47BD-42A3-85BD-BD65F96A718D}.Debug|x86.Build.0 = Debug|Any CPU
		{AD60F486-47BD-42A3-85BD-BD65F96A718D}.Release|x64.ActiveCfg = Release|Any CPU
		{AD60F486-47BD-42A3-85BD-BD65F96A718D}.Release|x64.Build.0 = Release|Any CPU
		{AD60F486-47BD-42A3-85BD-BD65F96A718D}.Release|x86.ActiveCfg = Release|Any CPU
		{AD60F486-47BD-42A3-85BD-BD65F96A718D}.Release|x86.Build.0 = Release|Any CPU
		{EDC7B781-C4FF-4141-BF0D-A0F90D885903}.Debug|x64.ActiveCfg = Debug|Any CPU
		{EDC7B781-C4FF-4141-BF0D-A0F90D885903}.Debug|x64.Build.0 = Debug|Any CPU
		{EDC7B781-C4FF-4141-BF0D-A0F90D885903}.Debug|x86.ActiveCfg = Debug|Any CPU
		{EDC7B781-C4FF-4141-BF0D-A0F90D885903}.Debug|x86.Build.0 = Debug|Any CPU
		{EDC7B781-C4FF-4141-BF0D-A0F90D885903}.Release|x64.ActiveCfg = Release|Any CPU
		{EDC7B781-C4FF-4141-BF0D-A0F90D885903}.Release|x64.Build.0 = Release|Any CPU
		{EDC7B781-C4FF-4141-BF0D-A0F90D885903}.Release|x86.ActiveCfg = Release|Any CPU
		{EDC7B781-C4FF-4141-BF0D-A0F90D885903}.Release|x86.Build.0 = Release|Any CPU
		{A2DD5059-3D2D-4FD9-9321-8738960F000F}.Debug|x64.ActiveCfg = Debug|Any CPU
		{A2DD5059-3D2D-4FD9-9321-8738960F000F}.Debug|x64.Build.0 = Debug|Any CPU
		{A2DD5059-3D2D-4FD9-9321-8738960F000F}.Debug|x86.ActiveCfg = Debug|Any CPU
		{A2DD5059-3D2D-4FD9-9321-8738960F000F}.Debug|x86.Build.0 = Debug|Any CPU
		{A2DD5059-3D2D-4FD9-9321-8738960F000F}.Release|x64.ActiveCfg = Release|Any CPU
		{A2DD5059-3D2D-4FD9-9321-8738960F000F}.Release|x64.Build.0 = Release|Any CPU
		{A2DD5059-3D2D-4FD9-9321-8738960F000F}.Release|x86.ActiveCfg = Release|Any CPU
		{A2DD5059-3D2D-4FD9-9321-8738960F000F}.Release|x86.Build.0 = Release|Any CPU
		{21B63851-3E05-43E7-BE65-06CF44FE4847}.Debug|x64.ActiveCfg = Debug|Any CPU
		{21B63851-3E05-43E7-BE65-06CF44FE4847}.Debug|x64.Build.0 = Debug|Any CPU
		{21B63851-3E05-43E7-BE65-06CF44FE4847}.Debug|x86.ActiveCfg = Debug|Any CPU
		{21B63851-3E05-43E7-BE65-06CF44FE4847}.Debug|x86.Build.0 = Debug|Any CPU
		{21B63851-3E05-43E7-BE65-06CF44FE4847}.Release|x64.ActiveCfg = Release|Any CPU
		{21B63851-3E05-43E7-BE65-06CF44FE4847}.Release|x64.Build.0 = Release|Any CPU
		{21B63851-3E05-43E7-BE65-06CF44FE4847}.Release|x86.ActiveCfg = Release|Any CPU
		{21B63851-3E05-43E7-BE65-06CF44FE4847}.Release|x86.Build.0 = Release|Any CPU
		{E8CE5C8C-7014-4004-A9A6-FECC3467D390}.Debug|x64.ActiveCfg = Debug|Any CPU
		{E8CE5C8C-7014-4004-A9A6-FECC3467D390}.Debug|x64.Build.0 = Debug|Any CPU
		{E8CE5C8C-7014-4004-A9A6-FECC3467D390}.Debug|x86.ActiveCfg = Debug|Any CPU
		{E8CE5C8C-7014-4004-A9A6-FECC3467D390}.Debug|x86.Build.0 = Debug|Any CPU
		{E8CE5C8C-7014-4004-A9A6-FECC3467D390}.Release|x64.ActiveCfg = Release|Any CPU
		{E8CE5C8C-7014-4004-A9A6-FECC3467D390}.Release|x64.Build.0 = Release|Any CPU
		{E8CE5C8C-7014-4004-A9A6-FECC3467D390}.Release|x86.ActiveCfg = Release|Any CPU
		{E8CE5C8C-7014-4004-A9A6-FECC3467D390}.Release|x86.Build.0 = Release|Any CPU
		{9BCFF480-F2E2-4F99-A509-FBDC6ED2B9DD}.Debug|x64.ActiveCfg = Debug|Any CPU
		{9BCFF480-F2E2-4F99-A509-FBDC6ED2B9DD}.Debug|x64.Build.0 = Debug|Any CPU
		{9BCFF480-F2E2-4F99-A509-FBDC6ED2B9DD}.Debug|x86.ActiveCfg = Debug|Any CPU
		{9BCFF480-F2E2-4F99-A509-FBDC6ED2B9DD}.Debug|x86.Build.0 = Debug|Any CPU
		{9BCFF480-F2E2-4F99-A509-FBDC6ED2B9DD}.Release|x64.ActiveCfg = Release|Any CPU
		{9BCFF480-F2E2-4F99-A509-FBDC6ED2B9DD}.Release|x64.Build.0 = Release|Any CPU
		{9BCFF480-F2E2-4F99-A509-FBDC6ED2B9DD}.Release|x86.ActiveCfg = Release|Any CPU
		{9BCFF480-F2E2-4F99-A509-FBDC6ED2B9DD}.Release|x86.Build.0 = Release|Any CPU
		{5B02E937-2B9F-422A-A33F-A20D1CE70881}.Debug|x64.ActiveCfg = Debug|Any CPU
		{5B02E937-2B9F-422A-A33F-A20D1CE70881}.Debug|x64.Build.0 = Debug|Any CPU
		{5B02E937-2B9F-422A-A33F-A20D1CE70881}.Debug|x86.ActiveCfg = Debug|Any CPU
		{5B02E937-2B9F-422A-A33F-A20D1CE70881}.Debug|x86.Build.0 = Debug|Any CPU
		{5B02E937-2B9F-422A-A33F-A20D1CE70881}.Release|x64.ActiveCfg = Release|Any CPU
		{5B02E937-2B9F-422A-A33F-A20D1CE70881}.Release|x64.Build.0 = Release|Any CPU
		{5B02E937-2B9F-422A-A33F-A20D1CE70881}.Release|x86.ActiveCfg = Release|Any CPU
		{5B02E937-2B9F-422A-A33F-A20D1CE70881}.Release|x86.Build.0 = Release|Any CPU
		{C3F40696-2C74-49C4-A4F4-87B0E8187842}.Debug|x64.ActiveCfg = Debug|Any CPU
		{C3F40696-2C74-49C4-A4F4-87B0E8187842}.Debug|x64.Build.0 = Debug|Any CPU
		{C3F40696-2C74-49C4-A4F4-87B0E8187842}.Debug|x86.ActiveCfg = Debug|Any CPU
		{C3F40696-2C74-49C4-A4F4-87B0E8187842}.Debug|x86.Build.0 = Debug|Any CPU
		{C3F40696-2C74-49C4-A4F4-87B0E8187842}.Release|x64.ActiveCfg = Release|Any CPU
		{C3F40696-2C74-49C4-A4F4-87B0E8187842}.Release|x64.Build.0 = Release|Any CPU
		{C3F40696-2C74-49C4-A4F4-87B0E8187842}.Release|x86.ActiveCfg = Release|Any CPU
		{C3F40696-2C74-49C4-A4F4-87B0E8187842}.Release|x86.Build.0 = Release|Any CPU
	EndGlobalSection
	GlobalSection(SolutionProperties) = preSolution
		HideSolutionNode = FALSE
	EndGlobalSection
	GlobalSection(ExtensibilityGlobals) = postSolution
		SolutionGuid = {42A88804-6C88-45AD-BC83-9D90BA2341F9}
	EndGlobalSection
EndGlobal
