
Microsoft Visual Studio Solution File, Format Version 12.00
# Visual Studio Version 16
VisualStudioVersion = 16.0.30804.86
MinimumVisualStudioVersion = 10.0.40219.1
Project("{FAE04EC0-301F-11D3-BF4B-00C04F79EFBC}") = "syncfusion.lineargaugedemos.winui_lib", "syncfusion.lineargaugedemos.winui_lib.csproj", "{3B95DBDE-C97F-467F-9A72-D59ADC48FD1C}"
EndProject
Global
	GlobalSection(SolutionConfigurationPlatforms) = preSolution
		Debug|x64 = Debug|x64
		Debug|x86 = Debug|x86
		Release|x64 = Release|x64
		Release|x86 = Release|x86
	EndGlobalSection
	GlobalSection(ProjectConfigurationPlatforms) = postSolution
		{3B95DBDE-C97F-467F-9A72-D59ADC48FD1C}.Debug|Any CPU.ActiveCfg = Debug|Any CPU
		{3B95DBDE-C97F-467F-9A72-D59ADC48FD1C}.Debug|Any CPU.Build.0 = Debug|Any CPU
		{3B95DBDE-C97F-467F-9A72-D59ADC48FD1C}.Debug|x64.ActiveCfg = Debug|x64
		{3B95DBDE-C97F-467F-9A72-D59ADC48FD1C}.Debug|x64.Build.0 = Debug|x64
		{3B95DBDE-C97F-467F-9A72-D59ADC48FD1C}.Debug|x86.ActiveCfg = Debug|x86
		{3B95DBDE-C97F-467F-9A72-D59ADC48FD1C}.Debug|x86.Build.0 = Debug|x86
		{3B95DBDE-C97F-467F-9A72-D59ADC48FD1C}.Release|Any CPU.ActiveCfg = Release|Any CPU
		{3B95DBDE-C97F-467F-9A72-D59ADC48FD1C}.Release|Any CPU.Build.0 = Release|Any CPU
		{3B95DBDE-C97F-467F-9A72-D59ADC48FD1C}.Release|x64.ActiveCfg = Release|x64
		{3B95DBDE-C97F-467F-9A72-D59ADC48FD1C}.Release|x64.Build.0 = Release|x64
		{3B95DBDE-C97F-467F-9A72-D59ADC48FD1C}.Release|x86.ActiveCfg = Release|x86
		{3B95DBDE-C97F-467F-9A72-D59ADC48FD1C}.Release|x86.Build.0 = Release|x86
	EndGlobalSection
	GlobalSection(SolutionProperties) = preSolution
		HideSolutionNode = FALSE
	EndGlobalSection
	GlobalSection(ExtensibilityGlobals) = postSolution
		SolutionGuid = {FF3FA78C-AF88-45FF-BD69-52D571C098A0}
	EndGlobalSection
EndGlobal
