
Microsoft Visual Studio Solution File, Format Version 12.00
# Visual Studio Version 16
VisualStudioVersion = 16.0.30523.141
MinimumVisualStudioVersion = 10.0.40219.1
Project("{9A19103F-16F7-4668-BE54-9A1E7A4F7556}") = "syncfusion.calendardemos.winui_lib_net50", "syncfusion.calendardemos.winui_lib_net50.csproj", "{91CCC31D-39F8-4254-90B8-789EACACB53F}"
EndProject
Global
	GlobalSection(SolutionConfigurationPlatforms) = preSolution
		Debug|Any CPU = Debug|Any CPU
		Debug|x64 = Debug|x64
		Debug|x86 = Debug|x86
		Release|Any CPU = Release|Any CPU
		Release|x64 = Release|x64
		Release|x86 = Release|x86
	EndGlobalSection
	GlobalSection(ProjectConfigurationPlatforms) = postSolution
		{91CCC31D-39F8-4254-90B8-789EACACB53F}.Debug|Any CPU.ActiveCfg = Debug|Any CPU
		{91CCC31D-39F8-4254-90B8-789EACACB53F}.Debug|Any CPU.Build.0 = Debug|Any CPU
		{91CCC31D-39F8-4254-90B8-789EACACB53F}.Debug|x64.ActiveCfg = Debug|x64
		{91CCC31D-39F8-4254-90B8-789EACACB53F}.Debug|x64.Build.0 = Debug|x64
		{91CCC31D-39F8-4254-90B8-789EACACB53F}.Debug|x86.ActiveCfg = Debug|x86
		{91CCC31D-39F8-4254-90B8-789EACACB53F}.Debug|x86.Build.0 = Debug|x86
		{91CCC31D-39F8-4254-90B8-789EACACB53F}.Release|Any CPU.ActiveCfg = Release|Any CPU
		{91CCC31D-39F8-4254-90B8-789EACACB53F}.Release|Any CPU.Build.0 = Release|Any CPU
		{91CCC31D-39F8-4254-90B8-789EACACB53F}.Release|x64.ActiveCfg = Release|x64
		{91CCC31D-39F8-4254-90B8-789EACACB53F}.Release|x64.Build.0 = Release|x64
		{91CCC31D-39F8-4254-90B8-789EACACB53F}.Release|x86.ActiveCfg = Release|x86
		{91CCC31D-39F8-4254-90B8-789EACACB53F}.Release|x86.Build.0 = Release|x86
	EndGlobalSection
	GlobalSection(SolutionProperties) = preSolution
		HideSolutionNode = FALSE
	EndGlobalSection
	GlobalSection(ExtensibilityGlobals) = postSolution
		SolutionGuid = {DEEAC0AD-E82C-49B1-859B-2C020C150FA5}
	EndGlobalSection
EndGlobal
