
Microsoft Visual Studio Solution File, Format Version 12.00
# Visual Studio Version 17
VisualStudioVersion = 17.0.32014.148
MinimumVisualStudioVersion = 10.0.40219.1
Project("{9A19103F-16F7-4668-BE54-9A1E7A4F7556}") = "Syncfusion.PresentationDemos.WinUI_lib_Net60", "Syncfusion.PresentationDemos.WinUI_lib_Net60.csproj", "{472C6E22-B333-48CF-9BA3-791FF90593FB}"
EndProject
Global
	GlobalSection(SolutionConfigurationPlatforms) = preSolution
		Debug|Any CPU = Debug|Any CPU
		Release|Any CPU = Release|Any CPU
	EndGlobalSection
	GlobalSection(ProjectConfigurationPlatforms) = postSolution
		{472C6E22-B333-48CF-9BA3-791FF90593FB}.Debug|Any CPU.ActiveCfg = Debug|Any CPU
		{472C6E22-B333-48CF-9BA3-791FF90593FB}.Debug|Any CPU.Build.0 = Debug|Any CPU
		{472C6E22-B333-48CF-9BA3-791FF90593FB}.Release|Any CPU.ActiveCfg = Release|Any CPU
		{472C6E22-B333-48CF-9BA3-791FF90593FB}.Release|Any CPU.Build.0 = Release|Any CPU
	EndGlobalSection
	GlobalSection(SolutionProperties) = preSolution
		HideSolutionNode = FALSE
	EndGlobalSection
	GlobalSection(ExtensibilityGlobals) = postSolution
		SolutionGuid = {0C15A276-98EA-40F8-AFA7-FE120FA530C3}
	EndGlobalSection
EndGlobal
