
Microsoft Visual Studio Solution File, Format Version 12.00
# Visual Studio Version 16
VisualStudioVersion = 16.0.30524.135
MinimumVisualStudioVersion = 10.0.40219.1
Project("{9A19103F-16F7-4668-BE54-9A1E7A4F7556}") = "Syncfusion.PresentationDemos.WinUI_lib_Net50", "Syncfusion.PresentationDemos.WinUI_lib_Net50.csproj", "{EF0BFDE2-A929-473B-AACA-2286AAC95A44}"
EndProject
Project("{9A19103F-16F7-4668-BE54-9A1E7A4F7556}") = "Syncfusion.DemosCommon.WinUI_lib_Net50", "..\common\Syncfusion.DemosCommon.WinUI_lib_Net50.csproj", "{77F3C0DF-A70F-4975-B412-C848C91FE2D3}"
EndProject
Global
	GlobalSection(SolutionConfigurationPlatforms) = preSolution
		Debug|Any CPU = Debug|Any CPU
		Debug|x64 = Debug|x64
		Debug|x86 = Debug|x86
		Release|Any CPU = Release|Any CPU
		Release|x64 = Release|x64
		Release|x86 = Release|x86
	EndGlobalSection
	GlobalSection(ProjectConfigurationPlatforms) = postSolution
		{EF0BFDE2-A929-473B-AACA-2286AAC95A44}.Debug|Any CPU.ActiveCfg = Debug|Any CPU
		{EF0BFDE2-A929-473B-AACA-2286AAC95A44}.Debug|Any CPU.Build.0 = Debug|Any CPU
		{EF0BFDE2-A929-473B-AACA-2286AAC95A44}.Debug|x64.ActiveCfg = Debug|x64
		{EF0BFDE2-A929-473B-AACA-2286AAC95A44}.Debug|x64.Build.0 = Debug|x64
		{EF0BFDE2-A929-473B-AACA-2286AAC95A44}.Debug|x86.ActiveCfg = Debug|x86
		{EF0BFDE2-A929-473B-AACA-2286AAC95A44}.Debug|x86.Build.0 = Debug|x86
		{EF0BFDE2-A929-473B-AACA-2286AAC95A44}.Release|Any CPU.ActiveCfg = Release|Any CPU
		{EF0BFDE2-A929-473B-AACA-2286AAC95A44}.Release|Any CPU.Build.0 = Release|Any CPU
		{EF0BFDE2-A929-473B-AACA-2286AAC95A44}.Release|x64.ActiveCfg = Release|x64
		{EF0BFDE2-A929-473B-AACA-2286AAC95A44}.Release|x64.Build.0 = Release|x64
		{EF0BFDE2-A929-473B-AACA-2286AAC95A44}.Release|x86.ActiveCfg = Release|x86
		{EF0BFDE2-A929-473B-AACA-2286AAC95A44}.Release|x86.Build.0 = Release|x86
		{77F3C0DF-A70F-4975-B412-C848C91FE2D3}.Debug|Any CPU.ActiveCfg = Debug|Any CPU
		{77F3C0DF-A70F-4975-B412-C848C91FE2D3}.Debug|Any CPU.Build.0 = Debug|Any CPU
		{77F3C0DF-A70F-4975-B412-C848C91FE2D3}.Debug|x64.ActiveCfg = Debug|x64
		{77F3C0DF-A70F-4975-B412-C848C91FE2D3}.Debug|x64.Build.0 = Debug|x64
		{77F3C0DF-A70F-4975-B412-C848C91FE2D3}.Debug|x86.ActiveCfg = Debug|x86
		{77F3C0DF-A70F-4975-B412-C848C91FE2D3}.Debug|x86.Build.0 = Debug|x86
		{77F3C0DF-A70F-4975-B412-C848C91FE2D3}.Release|Any CPU.ActiveCfg = Release|Any CPU
		{77F3C0DF-A70F-4975-B412-C848C91FE2D3}.Release|Any CPU.Build.0 = Release|Any CPU
		{77F3C0DF-A70F-4975-B412-C848C91FE2D3}.Release|x64.ActiveCfg = Release|x64
		{77F3C0DF-A70F-4975-B412-C848C91FE2D3}.Release|x64.Build.0 = Release|x64
		{77F3C0DF-A70F-4975-B412-C848C91FE2D3}.Release|x86.ActiveCfg = Release|x86
		{77F3C0DF-A70F-4975-B412-C848C91FE2D3}.Release|x86.Build.0 = Release|x86
	EndGlobalSection
	GlobalSection(SolutionProperties) = preSolution
		HideSolutionNode = FALSE
	EndGlobalSection
	GlobalSection(ExtensibilityGlobals) = postSolution
		SolutionGuid = {412CCFAA-43A3-4696-9372-65E2ABDC3598}
	EndGlobalSection
EndGlobal
