
Microsoft Visual Studio Solution File, Format Version 12.00
# Visual Studio Version 17
VisualStudioVersion = 17.1.31911.260
MinimumVisualStudioVersion = 10.0.40219.1
Project("{9A19103F-16F7-4668-BE54-9A1E7A4F7556}") = "Syncfusion.XlsIODemos.WinUI_Net60", "Syncfusion.XlsIODemos.WinUI_Net60.csproj", "{20A9F78F-588F-41AA-BA89-202D591474DD}"
EndProject
Project("{9A19103F-16F7-4668-BE54-9A1E7A4F7556}") = "Syncfusion.DemosCommon.WinUI_lib_Net60", "..\common\Syncfusion.DemosCommon.WinUI_lib_Net60.csproj", "{3F158E8C-2F46-4002-8D1E-9F11705EFD12}"
EndProject
Global
	GlobalSection(SolutionConfigurationPlatforms) = preSolution
		Debug|x64 = Debug|x64
		Debug|x86 = Debug|x86
		Release|x64 = Release|x64
		Release|x86 = Release|x86
	EndGlobalSection
	GlobalSection(ProjectConfigurationPlatforms) = postSolution
		{20A9F78F-588F-41AA-BA89-202D591474DD}.Debug|x64.ActiveCfg = Debug|x64
		{20A9F78F-588F-41AA-BA89-202D591474DD}.Debug|x64.Build.0 = Debug|x64
		{20A9F78F-588F-41AA-BA89-202D591474DD}.Debug|x86.ActiveCfg = Debug|x86
		{20A9F78F-588F-41AA-BA89-202D591474DD}.Debug|x86.Build.0 = Debug|x86
		{20A9F78F-588F-41AA-BA89-202D591474DD}.Release|x64.ActiveCfg = Release|x64
		{20A9F78F-588F-41AA-BA89-202D591474DD}.Release|x64.Build.0 = Release|x64
		{20A9F78F-588F-41AA-BA89-202D591474DD}.Release|x86.ActiveCfg = Release|x86
		{20A9F78F-588F-41AA-BA89-202D591474DD}.Release|x86.Build.0 = Release|x86
		{3F158E8C-2F46-4002-8D1E-9F11705EFD12}.Debug|x64.ActiveCfg = Debug|Any CPU
		{3F158E8C-2F46-4002-8D1E-9F11705EFD12}.Debug|x64.Build.0 = Debug|Any CPU
		{3F158E8C-2F46-4002-8D1E-9F11705EFD12}.Debug|x86.ActiveCfg = Debug|Any CPU
		{3F158E8C-2F46-4002-8D1E-9F11705EFD12}.Debug|x86.Build.0 = Debug|Any CPU
		{3F158E8C-2F46-4002-8D1E-9F11705EFD12}.Release|x64.ActiveCfg = Release|Any CPU
		{3F158E8C-2F46-4002-8D1E-9F11705EFD12}.Release|x64.Build.0 = Release|Any CPU
		{3F158E8C-2F46-4002-8D1E-9F11705EFD12}.Release|x86.ActiveCfg = Release|Any CPU
		{3F158E8C-2F46-4002-8D1E-9F11705EFD12}.Release|x86.Build.0 = Release|Any CPU
	EndGlobalSection
	GlobalSection(SolutionProperties) = preSolution
		HideSolutionNode = FALSE
	EndGlobalSection
	GlobalSection(ExtensibilityGlobals) = postSolution
		SolutionGuid = {ACBF80FF-F436-411B-9A31-473E5E959196}
	EndGlobalSection
EndGlobal
