
Microsoft Visual Studio Solution File, Format Version 12.00
# Visual Studio Version 17
VisualStudioVersion = 17.2.32210.308
MinimumVisualStudioVersion = 10.0.40219.1
Project("{9A19103F-16F7-4668-BE54-9A1E7A4F7556}") = "Syncfusion.SchedulerDemos.WinUI_Net60", "Syncfusion.SchedulerDemos.WinUI_Net60.csproj", "{76F3FBEB-12BD-4CF3-88E7-D97309F1B512}"
EndProject
Project("{9A19103F-16F7-4668-BE54-9A1E7A4F7556}") = "Syncfusion.DemosCommon.WinUI_lib_Net60", "..\common\Syncfusion.DemosCommon.WinUI_lib_Net60.csproj", "{C7E36AED-B503-4C5A-BC70-06A12A623376}"
EndProject
Global
	GlobalSection(SolutionConfigurationPlatforms) = preSolution
		Debug|x64 = Debug|x64
		Debug|x86 = Debug|x86
		Release|x64 = Release|x64
		Release|x86 = Release|x86
	EndGlobalSection
	GlobalSection(ProjectConfigurationPlatforms) = postSolution
		{76F3FBEB-12BD-4CF3-88E7-D97309F1B512}.Debug|x64.ActiveCfg = Debug|x64
		{76F3FBEB-12BD-4CF3-88E7-D97309F1B512}.Debug|x64.Build.0 = Debug|x64
		{76F3FBEB-12BD-4CF3-88E7-D97309F1B512}.Debug|x64.Deploy.0 = Debug|x64
		{76F3FBEB-12BD-4CF3-88E7-D97309F1B512}.Debug|x86.ActiveCfg = Debug|x86
		{76F3FBEB-12BD-4CF3-88E7-D97309F1B512}.Debug|x86.Build.0 = Debug|x86
		{76F3FBEB-12BD-4CF3-88E7-D97309F1B512}.Debug|x86.Deploy.0 = Debug|x86
		{76F3FBEB-12BD-4CF3-88E7-D97309F1B512}.Release|x64.ActiveCfg = Release|x64
		{76F3FBEB-12BD-4CF3-88E7-D97309F1B512}.Release|x64.Build.0 = Release|x64
		{76F3FBEB-12BD-4CF3-88E7-D97309F1B512}.Release|x64.Deploy.0 = Release|x64
		{76F3FBEB-12BD-4CF3-88E7-D97309F1B512}.Release|x86.ActiveCfg = Release|x86
		{76F3FBEB-12BD-4CF3-88E7-D97309F1B512}.Release|x86.Build.0 = Release|x86
		{76F3FBEB-12BD-4CF3-88E7-D97309F1B512}.Release|x86.Deploy.0 = Release|x86
		{C7E36AED-B503-4C5A-BC70-06A12A623376}.Debug|x64.ActiveCfg = Debug|Any CPU
		{C7E36AED-B503-4C5A-BC70-06A12A623376}.Debug|x64.Build.0 = Debug|Any CPU
		{C7E36AED-B503-4C5A-BC70-06A12A623376}.Debug|x86.ActiveCfg = Debug|Any CPU
		{C7E36AED-B503-4C5A-BC70-06A12A623376}.Debug|x86.Build.0 = Debug|Any CPU
		{C7E36AED-B503-4C5A-BC70-06A12A623376}.Release|x64.ActiveCfg = Release|Any CPU
		{C7E36AED-B503-4C5A-BC70-06A12A623376}.Release|x64.Build.0 = Release|Any CPU
		{C7E36AED-B503-4C5A-BC70-06A12A623376}.Release|x86.ActiveCfg = Release|Any CPU
		{C7E36AED-B503-4C5A-BC70-06A12A623376}.Release|x86.Build.0 = Release|Any CPU
	EndGlobalSection
	GlobalSection(SolutionProperties) = preSolution
		HideSolutionNode = FALSE
	EndGlobalSection
	GlobalSection(ExtensibilityGlobals) = postSolution
		SolutionGuid = {B98DB658-1C98-4CBB-98AD-9710F1E4588B}
	EndGlobalSection
EndGlobal
