
Microsoft Visual Studio Solution File, Format Version 12.00
# Visual Studio Version 16
VisualStudioVersion = 16.0.30524.135
MinimumVisualStudioVersion = 10.0.40219.1
Project("{FAE04EC0-301F-11D3-BF4B-00C04F79EFBC}") = "syncfusion.sliderdemos.winui_lib_net50", "syncfusion.sliderdemos.winui_lib_net50.csproj", "{78FD0BA3-2264-4464-BA81-EB782DD68C01}"
EndProject
Global
	GlobalSection(SolutionConfigurationPlatforms) = preSolution
		Debug|Any CPU = Debug|Any CPU
		Debug|x64 = Debug|x64
		Debug|x86 = Debug|x86
		Release|Any CPU = Release|Any CPU
		Release|x64 = Release|x64
		Release|x86 = Release|x86
	EndGlobalSection
	GlobalSection(ProjectConfigurationPlatforms) = postSolution	
        {78FD0BA3-2264-4464-BA81-EB782DD68C01}.Debug|Any CPU.ActiveCfg = Debug|Any CPU
		{78FD0BA3-2264-4464-BA81-EB782DD68C01}.Debug|Any CPU.Build.0 = Debug|Any CPU
		{78FD0BA3-2264-4464-BA81-EB782DD68C01}.Debug|x64.ActiveCfg = Debug|x64
		{78FD0BA3-2264-4464-BA81-EB782DD68C01}.Debug|x64.Build.0 = Debug|x64
		{78FD0BA3-2264-4464-BA81-EB782DD68C01}.Debug|x86.ActiveCfg = Debug|x86
		{78FD0BA3-2264-4464-BA81-EB782DD68C01}.Debug|x86.Build.0 = Debug|x86
		{78FD0BA3-2264-4464-BA81-EB782DD68C01}.Release|Any CPU.ActiveCfg = Release|Any CPU
		{78FD0BA3-2264-4464-BA81-EB782DD68C01}.Release|Any CPU.Build.0 = Release|Any CPU
		{78FD0BA3-2264-4464-BA81-EB782DD68C01}.Release|x64.ActiveCfg = Release|x64
		{78FD0BA3-2264-4464-BA81-EB782DD68C01}.Release|x64.Build.0 = Release|x64
		{78FD0BA3-2264-4464-BA81-EB782DD68C01}.Release|x86.ActiveCfg = Release|x86
		{78FD0BA3-2264-4464-BA81-EB782DD68C01}.Release|x86.Build.0 = Release|x86
	EndGlobalSection
	GlobalSection(SolutionProperties) = preSolution
		HideSolutionNode = FALSE
	EndGlobalSection
	GlobalSection(ExtensibilityGlobals) = postSolution
		SolutionGuid = {7343F012-4288-4CDC-864D-1DB7166BFCB6}
	EndGlobalSection
EndGlobal
