Microsoft Visual Studio Solution File, Format Version 12.00
# Visual Studio Version 17
VisualStudioVersion = 17.12.35323.107
MinimumVisualStudioVersion = 10.0.40219.1
Project("{9A19103F-16F7-4668-BE54-9A1E7A4F7556}") = "Syncfusion.SliderDemos.WinUI_Net10", "Syncfusion.SliderDemos.WinUI_Net10.csproj", "{4D178911-55E8-414C-94EA-D3D999CEF601}"
EndProject
Project("{9A19103F-16F7-4668-BE54-9A1E7A4F7556}") = "Syncfusion.DemosCommon.WinUI_lib_Net10", "../common/Syncfusion.DemosCommon.WinUI_lib_Net10.csproj", "{50DC4AFE-3056-4099-B5D1-D3BC3426B9F5}"
EndProject
Global
	GlobalSection(SolutionConfigurationPlatforms) = preSolution
		Debug|x64 = Debug|x64
		Debug|x86 = Debug|x86
		Release|x64 = Release|x64
		Release|x86 = Release|x86
	EndGlobalSection
	GlobalSection(ProjectConfigurationPlatforms) = postSolution
		{4D178911-55E8-414C-94EA-D3D999CEF601}.Debug|x64.ActiveCfg = Debug|x64
		{4D178911-55E8-414C-94EA-D3D999CEF601}.Debug|x64.Build.0 = Debug|x64
		{4D178911-55E8-414C-94EA-D3D999CEF601}.Debug|x64.Deploy.0 = Debug|x64
		{4D178911-55E8-414C-94EA-D3D999CEF601}.Debug|x86.ActiveCfg = Debug|x86
		{4D178911-55E8-414C-94EA-D3D999CEF601}.Debug|x86.Build.0 = Debug|x86
		{4D178911-55E8-414C-94EA-D3D999CEF601}.Release|x64.ActiveCfg = Release|x64
		{4D178911-55E8-414C-94EA-D3D999CEF601}.Release|x64.Build.0 = Release|x64
		{4D178911-55E8-414C-94EA-D3D999CEF601}.Release|x86.ActiveCfg = Release|x86
		{4D178911-55E8-414C-94EA-D3D999CEF601}.Release|x86.Build.0 = Release|x86
		{50DC4AFE-3056-4099-B5D1-D3BC3426B9F5}.Debug|x64.ActiveCfg = Debug|Any CPU
		{50DC4AFE-3056-4099-B5D1-D3BC3426B9F5}.Debug|x64.Build.0 = Debug|Any CPU
		{50DC4AFE-3056-4099-B5D1-D3BC3426B9F5}.Debug|x86.ActiveCfg = Debug|Any CPU
		{50DC4AFE-3056-4099-B5D1-D3BC3426B9F5}.Debug|x86.Build.0 = Debug|Any CPU
		{50DC4AFE-3056-4099-B5D1-D3BC3426B9F5}.Release|x64.ActiveCfg = Release|Any CPU
		{50DC4AFE-3056-4099-B5D1-D3BC3426B9F5}.Release|x64.Build.0 = Release|Any CPU
		{50DC4AFE-3056-4099-B5D1-D3BC3426B9F5}.Release|x86.ActiveCfg = Release|Any CPU
		{50DC4AFE-3056-4099-B5D1-D3BC3426B9F5}.Release|x86.Build.0 = Release|Any CPU
	EndGlobalSection
	GlobalSection(SolutionProperties) = preSolution
		HideSolutionNode = FALSE
	EndGlobalSection
	GlobalSection(ExtensibilityGlobals) = postSolution
		SolutionGuid = {98791D79-6314-4BE6-AA6E-8D11673B3747}
	EndGlobalSection
EndGlobal
