
Microsoft Visual Studio Solution File, Format Version 12.00
# Visual Studio Version 16
VisualStudioVersion = 16.0.30524.135
MinimumVisualStudioVersion = 10.0.40219.1
Project("{C7167F0D-BC9F-4E6E-AFE1-012C56B48DB5}") = "syncfusion.sliderdemos.winui_net50 (Package)", "syncfusion.sliderdemos.winui_net50 (Package)\syncfusion.sliderdemos.winui_net50 (Package).wapproj", "{586464F4-9C4A-4641-A994-CA383F9B4EB5}"
EndProject
Project("{9A19103F-16F7-4668-BE54-9A1E7A4F7556}") = "syncfusion.sliderdemos.winui_net50", "syncfusion.sliderdemos.winui_net50.csproj", "{228F3E06-A3F1-4328-86A4-2C4EEDEE8430}"
EndProject
Project("{9A19103F-16F7-4668-BE54-9A1E7A4F7556}") = "syncfusion.demoscommon.winui_lib_net50", "..\common\syncfusion.demoscommon.winui_lib_net50.csproj", "{8DBF28EC-4DF9-456C-B070-33427DDF5C9C}"
EndProject
Global
	GlobalSection(SolutionConfigurationPlatforms) = preSolution
		Debug|Any CPU = Debug|Any CPU
		Debug|x64 = Debug|x64
		Debug|x86 = Debug|x86
		Release|Any CPU = Release|Any CPU
		Release|x64 = Release|x64
		Release|x86 = Release|x86
	EndGlobalSection
	GlobalSection(ProjectConfigurationPlatforms) = postSolution
		{586464F4-9C4A-4641-A994-CA383F9B4EB5}.Debug|Any CPU.ActiveCfg = Debug|x86
		{586464F4-9C4A-4641-A994-CA383F9B4EB5}.Debug|x64.ActiveCfg = Debug|x64
		{586464F4-9C4A-4641-A994-CA383F9B4EB5}.Debug|x64.Build.0 = Debug|x64
		{586464F4-9C4A-4641-A994-CA383F9B4EB5}.Debug|x64.Deploy.0 = Debug|x64
		{586464F4-9C4A-4641-A994-CA383F9B4EB5}.Debug|x86.ActiveCfg = Debug|x86
		{586464F4-9C4A-4641-A994-CA383F9B4EB5}.Debug|x86.Build.0 = Debug|x86
		{586464F4-9C4A-4641-A994-CA383F9B4EB5}.Debug|x86.Deploy.0 = Debug|x86
		{586464F4-9C4A-4641-A994-CA383F9B4EB5}.Release|Any CPU.ActiveCfg = Release|x86
		{586464F4-9C4A-4641-A994-CA383F9B4EB5}.Release|x64.ActiveCfg = Release|x64
		{586464F4-9C4A-4641-A994-CA383F9B4EB5}.Release|x64.Build.0 = Release|x64
		{586464F4-9C4A-4641-A994-CA383F9B4EB5}.Release|x64.Deploy.0 = Release|x64
		{586464F4-9C4A-4641-A994-CA383F9B4EB5}.Release|x86.ActiveCfg = Release|x86
		{586464F4-9C4A-4641-A994-CA383F9B4EB5}.Release|x86.Build.0 = Release|x86
		{586464F4-9C4A-4641-A994-CA383F9B4EB5}.Release|x86.Deploy.0 = Release|x86
		
		{228F3E06-A3F1-4328-86A4-2C4EEDEE8430}.Debug|Any CPU.ActiveCfg = Debug|x86
		{228F3E06-A3F1-4328-86A4-2C4EEDEE8430}.Debug|x64.ActiveCfg = Debug|x64
		{228F3E06-A3F1-4328-86A4-2C4EEDEE8430}.Debug|x64.Build.0 = Debug|x64
		{228F3E06-A3F1-4328-86A4-2C4EEDEE8430}.Debug|x64.Deploy.0 = Debug|x64
		{228F3E06-A3F1-4328-86A4-2C4EEDEE8430}.Debug|x86.ActiveCfg = Debug|x86
		{228F3E06-A3F1-4328-86A4-2C4EEDEE8430}.Debug|x86.Build.0 = Debug|x86
		{228F3E06-A3F1-4328-86A4-2C4EEDEE8430}.Debug|x86.Deploy.0 = Debug|x86
		{228F3E06-A3F1-4328-86A4-2C4EEDEE8430}.Release|Any CPU.ActiveCfg = Release|x86
		{228F3E06-A3F1-4328-86A4-2C4EEDEE8430}.Release|x64.ActiveCfg = Release|x64
		{228F3E06-A3F1-4328-86A4-2C4EEDEE8430}.Release|x64.Build.0 = Release|x64
		{228F3E06-A3F1-4328-86A4-2C4EEDEE8430}.Release|x64.Deploy.0 = Release|x64
		{228F3E06-A3F1-4328-86A4-2C4EEDEE8430}.Release|x86.ActiveCfg = Release|x86
		{228F3E06-A3F1-4328-86A4-2C4EEDEE8430}.Release|x86.Build.0 = Release|x86
		{228F3E06-A3F1-4328-86A4-2C4EEDEE8430}.Release|x86.Deploy.0 = Release|x86
		{8DBF28EC-4DF9-456C-B070-33427DDF5C9C}.Debug|Any CPU.ActiveCfg = Debug|x86
		{8DBF28EC-4DF9-456C-B070-33427DDF5C9C}.Debug|x64.ActiveCfg = Debug|x64
		{8DBF28EC-4DF9-456C-B070-33427DDF5C9C}.Debug|x64.Build.0 = Debug|x64
		{8DBF28EC-4DF9-456C-B070-33427DDF5C9C}.Debug|x64.Deploy.0 = Debug|x64
		{8DBF28EC-4DF9-456C-B070-33427DDF5C9C}.Debug|x86.ActiveCfg = Debug|Any CPU
		{8DBF28EC-4DF9-456C-B070-33427DDF5C9C}.Debug|x86.Build.0 = Debug|Any CPU
		{8DBF28EC-4DF9-456C-B070-33427DDF5C9C}.Debug|x86.Deploy.0 = Debug|Any CPU
		{8DBF28EC-4DF9-456C-B070-33427DDF5C9C}.Release|Any CPU.ActiveCfg = Release|x86
		{8DBF28EC-4DF9-456C-B070-33427DDF5C9C}.Release|x64.ActiveCfg = Release|x64
		{8DBF28EC-4DF9-456C-B070-33427DDF5C9C}.Release|x64.Build.0 = Release|x64
		{8DBF28EC-4DF9-456C-B070-33427DDF5C9C}.Release|x64.Deploy.0 = Release|x64
		{8DBF28EC-4DF9-456C-B070-33427DDF5C9C}.Release|x86.ActiveCfg = Release|x86
		{8DBF28EC-4DF9-456C-B070-33427DDF5C9C}.Release|x86.Build.0 = Release|x86
		{8DBF28EC-4DF9-456C-B070-33427DDF5C9C}.Release|x86.Deploy.0 = Release|x86
	EndGlobalSection
	GlobalSection(SolutionProperties) = preSolution
		HideSolutionNode = FALSE
	EndGlobalSection
	GlobalSection(ExtensibilityGlobals) = postSolution
		SolutionGuid = {18603ABB-3BE6-42A9-B28D-10348388A4C5}
	EndGlobalSection
EndGlobal
