
Microsoft Visual Studio Solution File, Format Version 12.00
# Visual Studio Version 17
VisualStudioVersion = 17.0.32014.148
MinimumVisualStudioVersion = 10.0.40219.1
Project("{9A19103F-16F7-4668-BE54-9A1E7A4F7556}") = "Syncfusion.EditorDemos.WinUI_lib_Net60", "Syncfusion.EditorDemos.WinUI_lib_Net60.csproj", "{28D4D025-781E-44E2-B65C-41D68AA38F2C}"
EndProject
Global
	GlobalSection(SolutionConfigurationPlatforms) = preSolution
		Debug|Any CPU = Debug|Any CPU
		Release|Any CPU = Release|Any CPU
	EndGlobalSection
	GlobalSection(ProjectConfigurationPlatforms) = postSolution
		{28D4D025-781E-44E2-B65C-41D68AA38F2C}.Debug|Any CPU.ActiveCfg = Debug|Any CPU
		{28D4D025-781E-44E2-B65C-41D68AA38F2C}.Debug|Any CPU.Build.0 = Debug|Any CPU
		{28D4D025-781E-44E2-B65C-41D68AA38F2C}.Release|Any CPU.ActiveCfg = Release|Any CPU
		{28D4D025-781E-44E2-B65C-41D68AA38F2C}.Release|Any CPU.Build.0 = Release|Any CPU
	EndGlobalSection
	GlobalSection(SolutionProperties) = preSolution
		HideSolutionNode = FALSE
	EndGlobalSection
	GlobalSection(ExtensibilityGlobals) = postSolution
		SolutionGuid = {C2DBE42A-CF8E-4DC5-AF6A-57825A485850}
	EndGlobalSection
EndGlobal
