
Microsoft Visual Studio Solution File, Format Version 12.00
# Visual Studio Version 17
VisualStudioVersion = 17.0.32014.148
MinimumVisualStudioVersion = 10.0.40219.1
Project("{9A19103F-16F7-4668-BE54-9A1E7A4F7556}") = "Syncfusion.RibbonDemos.WinUI_lib_Net60", "Syncfusion.RibbonDemos.WinUI_lib_Net60.csproj", "{ED565475-E182-40ED-AD45-1108873F0188}"
EndProject
Global
	GlobalSection(SolutionConfigurationPlatforms) = preSolution
		Debug|Any CPU = Debug|Any CPU
		Release|Any CPU = Release|Any CPU
	EndGlobalSection
	GlobalSection(ProjectConfigurationPlatforms) = postSolution
		{ED565475-E182-40ED-AD45-1108873F0188}.Debug|Any CPU.ActiveCfg = Debug|Any CPU
		{ED565475-E182-40ED-AD45-1108873F0188}.Debug|Any CPU.Build.0 = Debug|Any CPU
		{ED565475-E182-40ED-AD45-1108873F0188}.Release|Any CPU.ActiveCfg = Release|Any CPU
		{ED565475-E182-40ED-AD45-1108873F0188}.Release|Any CPU.Build.0 = Release|Any CPU
	EndGlobalSection
	GlobalSection(SolutionProperties) = preSolution
		HideSolutionNode = FALSE
	EndGlobalSection
	GlobalSection(ExtensibilityGlobals) = postSolution
		SolutionGuid = {25BA4D98-86A6-4A27-B545-4F31407F0121}
	EndGlobalSection
EndGlobal
