
Microsoft Visual Studio Solution File, Format Version 12.00
# Visual Studio Version 17
VisualStudioVersion = 17.1.32127.271
MinimumVisualStudioVersion = 10.0.40219.1
Project("{9A19103F-16F7-4668-BE54-9A1E7A4F7556}") = "Syncfusion.DataGridDemos.WinUI_Net70", "Syncfusion.DataGridDemos.WinUI_Net70.csproj", "{3E5CEA08-033C-4F66-A884-F2483CB6EAA4}"
EndProject
Project("{9A19103F-16F7-4668-BE54-9A1E7A4F7556}") = "Syncfusion.DemosCommon.WinUI_lib_Net70", "..\common\Syncfusion.DemosCommon.WinUI_lib_Net70.csproj", "{CF4C3325-9128-4748-83C2-1975BD194C44}"
EndProject
Global
	GlobalSection(SolutionConfigurationPlatforms) = preSolution
		Debug|x64 = Debug|x64
		Debug|x86 = Debug|x86
		Release|x64 = Release|x64
		Release|x86 = Release|x86
	EndGlobalSection
	GlobalSection(ProjectConfigurationPlatforms) = postSolution
		{3E5CEA08-033C-4F66-A884-F2483CB6EAA4}.Debug|x64.ActiveCfg = Debug|x64
		{3E5CEA08-033C-4F66-A884-F2483CB6EAA4}.Debug|x64.Build.0 = Debug|x64
		{3E5CEA08-033C-4F66-A884-F2483CB6EAA4}.Debug|x64.Deploy.0 = Debug|x64
		{3E5CEA08-033C-4F66-A884-F2483CB6EAA4}.Debug|x86.ActiveCfg = Debug|x86
		{3E5CEA08-033C-4F66-A884-F2483CB6EAA4}.Debug|x86.Build.0 = Debug|x86
		{3E5CEA08-033C-4F66-A884-F2483CB6EAA4}.Debug|x86.Deploy.0 = Debug|x86
		{3E5CEA08-033C-4F66-A884-F2483CB6EAA4}.Release|x64.ActiveCfg = Release|x64
		{3E5CEA08-033C-4F66-A884-F2483CB6EAA4}.Release|x64.Build.0 = Release|x64
		{3E5CEA08-033C-4F66-A884-F2483CB6EAA4}.Release|x64.Deploy.0 = Release|x64
		{3E5CEA08-033C-4F66-A884-F2483CB6EAA4}.Release|x86.ActiveCfg = Release|x86
		{3E5CEA08-033C-4F66-A884-F2483CB6EAA4}.Release|x86.Build.0 = Release|x86
		{3E5CEA08-033C-4F66-A884-F2483CB6EAA4}.Release|x86.Deploy.0 = Release|x86
		{CF4C3325-9128-4748-83C2-1975BD194C44}.Debug|x64.ActiveCfg = Debug|Any CPU
		{CF4C3325-9128-4748-83C2-1975BD194C44}.Debug|x64.Build.0 = Debug|Any CPU
		{CF4C3325-9128-4748-83C2-1975BD194C44}.Debug|x86.ActiveCfg = Debug|Any CPU
		{CF4C3325-9128-4748-83C2-1975BD194C44}.Debug|x86.Build.0 = Debug|Any CPU
		{CF4C3325-9128-4748-83C2-1975BD194C44}.Release|x64.ActiveCfg = Release|Any CPU
		{CF4C3325-9128-4748-83C2-1975BD194C44}.Release|x64.Build.0 = Release|Any CPU
		{CF4C3325-9128-4748-83C2-1975BD194C44}.Release|x86.ActiveCfg = Release|Any CPU
		{CF4C3325-9128-4748-83C2-1975BD194C44}.Release|x86.Build.0 = Release|Any CPU
	EndGlobalSection
	GlobalSection(SolutionProperties) = preSolution
		HideSolutionNode = FALSE
	EndGlobalSection
	GlobalSection(ExtensibilityGlobals) = postSolution
		SolutionGuid = {5E5804EF-23A4-4894-A843-385D83665BFC}
	EndGlobalSection
EndGlobal
