
Microsoft Visual Studio Solution File, Format Version 12.00
# Visual Studio Version 16
VisualStudioVersion = 16.0.30524.135
MinimumVisualStudioVersion = 10.0.40219.1
Project("{FAE04EC0-301F-11D3-BF4B-00C04F79EFBC}") = "Syncfusion.TreeViewDemos.WinUI_lib_Net50", "Syncfusion.TreeViewDemos.WinUI_lib_Net50.csproj", "{4CF7A557-9DB4-4864-A064-63A011983514}"
EndProject
Global
	GlobalSection(SolutionConfigurationPlatforms) = preSolution
		Debug|x64 = Debug|x64
		Debug|x86 = Debug|x86
		Release|x64 = Release|x64
		Release|x86 = Release|x86
	EndGlobalSection
	GlobalSection(ProjectConfigurationPlatforms) = postSolution
	    {4CF7A557-9DB4-4864-A064-63A011983514}.Debug|x64.ActiveCfg = Debug|x64
		{4CF7A557-9DB4-4864-A064-63A011983514}.Debug|x64.Build.0 = Debug|x64
		{4CF7A557-9DB4-4864-A064-63A011983514}.Debug|x86.ActiveCfg = Debug|x86
		{4CF7A557-9DB4-4864-A064-63A011983514}.Debug|x86.Build.0 = Debug|x86
		{4CF7A557-9DB4-4864-A064-63A011983514}.Release|x64.ActiveCfg = Release|x64
		{4CF7A557-9DB4-4864-A064-63A011983514}.Release|x64.Build.0 = Release|x64
		{4CF7A557-9DB4-4864-A064-63A011983514}.Release|x86.ActiveCfg = Release|x86
		{4CF7A557-9DB4-4864-A064-63A011983514}.Release|x86.Build.0 = Release|x86
	EndGlobalSection
	GlobalSection(SolutionProperties) = preSolution
		HideSolutionNode = FALSE
	EndGlobalSection
	GlobalSection(ExtensibilityGlobals) = postSolution
		SolutionGuid = {C6E082BD-6866-414B-B0A3-792DFB6F5DF8}
	EndGlobalSection
EndGlobal
