
Microsoft Visual Studio Solution File, Format Version 12.00
# Visual Studio Version 16
VisualStudioVersion = 16.0.30524.135
MinimumVisualStudioVersion = 10.0.40219.1
Project("{C7167F0D-BC9F-4E6E-AFE1-012C56B48DB5}") = "syncfusion.treeviewdemos.winui_net50 (Package)", "syncfusion.treeviewdemos.winui_net50 (Package)\syncfusion.treeviewdemos.winui_net50 (Package).wapproj", "{53D4C9FA-885E-4915-AFF8-B6A9436497D9}"
EndProject
Project("{9A19103F-16F7-4668-BE54-9A1E7A4F7556}") = "syncfusion.treeviewdemos.winui_net50", "syncfusion.treeviewdemos.winui_net50.csproj", "{B2D48FFB-EDF7-41D1-BD28-B03B11B1450F}"
EndProject
Project("{9A19103F-16F7-4668-BE54-9A1E7A4F7556}") = "syncfusion.demoscommon.winui_lib_net50", "..\common\syncfusion.demoscommon.winui_lib_net50.csproj", "{021B8BA5-25B3-42CB-97EF-B4D955376AA0}"
EndProject
Global
	GlobalSection(SolutionConfigurationPlatforms) = preSolution
		Debug|Any CPU = Debug|Any CPU
		Debug|x64 = Debug|x64
		Debug|x86 = Debug|x86
		Release|Any CPU = Release|Any CPU
		Release|x64 = Release|x64
		Release|x86 = Release|x86
	EndGlobalSection
	GlobalSection(ProjectConfigurationPlatforms) = postSolution
		{53D4C9FA-885E-4915-AFF8-B6A9436497D9}.Debug|Any CPU.ActiveCfg = Debug|Any CPU
		{53D4C9FA-885E-4915-AFF8-B6A9436497D9}.Debug|Any CPU.Build.0 = Debug|Any CPU
		{53D4C9FA-885E-4915-AFF8-B6A9436497D9}.Debug|Any CPU.Deploy.0 = Debug|Any CPU
		{53D4C9FA-885E-4915-AFF8-B6A9436497D9}.Debug|x64.ActiveCfg = Debug|x64
		{53D4C9FA-885E-4915-AFF8-B6A9436497D9}.Debug|x64.Build.0 = Debug|x64
		{53D4C9FA-885E-4915-AFF8-B6A9436497D9}.Debug|x64.Deploy.0 = Debug|x64
		{53D4C9FA-885E-4915-AFF8-B6A9436497D9}.Debug|x86.ActiveCfg = Debug|x86
		{53D4C9FA-885E-4915-AFF8-B6A9436497D9}.Debug|x86.Build.0 = Debug|x86
		{53D4C9FA-885E-4915-AFF8-B6A9436497D9}.Debug|x86.Deploy.0 = Debug|x86
		{53D4C9FA-885E-4915-AFF8-B6A9436497D9}.Release|Any CPU.ActiveCfg = Release|Any CPU
		{53D4C9FA-885E-4915-AFF8-B6A9436497D9}.Release|Any CPU.Build.0 = Release|Any CPU
		{53D4C9FA-885E-4915-AFF8-B6A9436497D9}.Release|Any CPU.Deploy.0 = Release|Any CPU
		{53D4C9FA-885E-4915-AFF8-B6A9436497D9}.Release|x64.ActiveCfg = Release|x64
		{53D4C9FA-885E-4915-AFF8-B6A9436497D9}.Release|x64.Build.0 = Release|x64
		{53D4C9FA-885E-4915-AFF8-B6A9436497D9}.Release|x64.Deploy.0 = Release|x64
		{53D4C9FA-885E-4915-AFF8-B6A9436497D9}.Release|x86.ActiveCfg = Release|x86
		{53D4C9FA-885E-4915-AFF8-B6A9436497D9}.Release|x86.Build.0 = Release|x86
		{53D4C9FA-885E-4915-AFF8-B6A9436497D9}.Release|x86.Deploy.0 = Release|x86
		{B2D48FFB-EDF7-41D1-BD28-B03B11B1450F}.Debug|Any CPU.ActiveCfg = Debug|Any CPU
		{B2D48FFB-EDF7-41D1-BD28-B03B11B1450F}.Debug|Any CPU.Build.0 = Debug|Any CPU
		{B2D48FFB-EDF7-41D1-BD28-B03B11B1450F}.Debug|Any CPU.Deploy.0 = Debug|Any CPU
		{B2D48FFB-EDF7-41D1-BD28-B03B11B1450F}.Debug|x64.ActiveCfg = Debug|x64
		{B2D48FFB-EDF7-41D1-BD28-B03B11B1450F}.Debug|x64.Build.0 = Debug|x64
		{B2D48FFB-EDF7-41D1-BD28-B03B11B1450F}.Debug|x64.Deploy.0 = Debug|x64
		{B2D48FFB-EDF7-41D1-BD28-B03B11B1450F}.Debug|x86.ActiveCfg = Debug|x86
		{B2D48FFB-EDF7-41D1-BD28-B03B11B1450F}.Debug|x86.Build.0 = Debug|x86
		{B2D48FFB-EDF7-41D1-BD28-B03B11B1450F}.Debug|x86.Deploy.0 = Debug|x86
		{B2D48FFB-EDF7-41D1-BD28-B03B11B1450F}.Release|Any CPU.ActiveCfg = Release|Any CPU
		{B2D48FFB-EDF7-41D1-BD28-B03B11B1450F}.Release|Any CPU.Build.0 = Release|Any CPU
		{B2D48FFB-EDF7-41D1-BD28-B03B11B1450F}.Release|Any CPU.Deploy.0 = Release|Any CPU
		{B2D48FFB-EDF7-41D1-BD28-B03B11B1450F}.Release|x64.ActiveCfg = Release|x64
		{B2D48FFB-EDF7-41D1-BD28-B03B11B1450F}.Release|x64.Build.0 = Release|x64
		{B2D48FFB-EDF7-41D1-BD28-B03B11B1450F}.Release|x64.Deploy.0 = Release|x64
		{B2D48FFB-EDF7-41D1-BD28-B03B11B1450F}.Release|x86.ActiveCfg = Release|x86
		{B2D48FFB-EDF7-41D1-BD28-B03B11B1450F}.Release|x86.Build.0 = Release|x86
		{B2D48FFB-EDF7-41D1-BD28-B03B11B1450F}.Release|x86.Deploy.0 = Release|x86
		{021B8BA5-25B3-42CB-97EF-B4D955376AA0}.Debug|Any CPU.ActiveCfg = Debug|Any CPU
		{021B8BA5-25B3-42CB-97EF-B4D955376AA0}.Debug|Any CPU.Build.0 = Debug|Any CPU
		{021B8BA5-25B3-42CB-97EF-B4D955376AA0}.Debug|Any CPU.Deploy.0 = Debug|Any CPU
		{021B8BA5-25B3-42CB-97EF-B4D955376AA0}.Debug|x64.ActiveCfg = Debug|x64
		{021B8BA5-25B3-42CB-97EF-B4D955376AA0}.Debug|x64.Build.0 = Debug|x64
		{021B8BA5-25B3-42CB-97EF-B4D955376AA0}.Debug|x64.Deploy.0 = Debug|x64
		{021B8BA5-25B3-42CB-97EF-B4D955376AA0}.Debug|x86.ActiveCfg = Debug|Any CPU
		{021B8BA5-25B3-42CB-97EF-B4D955376AA0}.Debug|x86.Build.0 = Debug|Any CPU
		{021B8BA5-25B3-42CB-97EF-B4D955376AA0}.Debug|x86.Deploy.0 = Debug|Any CPU
		{021B8BA5-25B3-42CB-97EF-B4D955376AA0}.Release|Any CPU.ActiveCfg = Release|Any CPU
		{021B8BA5-25B3-42CB-97EF-B4D955376AA0}.Release|Any CPU.Build.0 = Release|Any CPU
		{021B8BA5-25B3-42CB-97EF-B4D955376AA0}.Release|Any CPU.Deploy.0 = Release|Any CPU
		{021B8BA5-25B3-42CB-97EF-B4D955376AA0}.Release|x64.ActiveCfg = Release|x64
		{021B8BA5-25B3-42CB-97EF-B4D955376AA0}.Release|x64.Build.0 = Release|x64
		{021B8BA5-25B3-42CB-97EF-B4D955376AA0}.Release|x64.Deploy.0 = Release|x64
		{021B8BA5-25B3-42CB-97EF-B4D955376AA0}.Release|x86.ActiveCfg = Release|x86
		{021B8BA5-25B3-42CB-97EF-B4D955376AA0}.Release|x86.Build.0 = Release|x86
		{021B8BA5-25B3-42CB-97EF-B4D955376AA0}.Release|x86.Deploy.0 = Release|x86
	EndGlobalSection
	GlobalSection(SolutionProperties) = preSolution
		HideSolutionNode = FALSE
	EndGlobalSection
	GlobalSection(ExtensibilityGlobals) = postSolution
		SolutionGuid = {1B7DA531-C04D-46CF-B082-261BAEF6300D}
	EndGlobalSection
EndGlobal
