
Microsoft Visual Studio Solution File, Format Version 12.00
# Visual Studio Version 17
VisualStudioVersion = 17.0.32014.148
MinimumVisualStudioVersion = 10.0.40219.1
Project("{9A19103F-16F7-4668-BE54-9A1E7A4F7556}") = "Syncfusion.TreeViewDemos.WinUI_lib_Net60", "Syncfusion.TreeViewDemos.WinUI_lib_Net60.csproj", "{ED804086-1C1F-4549-89D9-1A7E50553A25}"
EndProject
Global
	GlobalSection(SolutionConfigurationPlatforms) = preSolution
		Debug|Any CPU = Debug|Any CPU
		Release|Any CPU = Release|Any CPU
	EndGlobalSection
	GlobalSection(ProjectConfigurationPlatforms) = postSolution
		{ED804086-1C1F-4549-89D9-1A7E50553A25}.Debug|Any CPU.ActiveCfg = Debug|Any CPU
		{ED804086-1C1F-4549-89D9-1A7E50553A25}.Debug|Any CPU.Build.0 = Debug|Any CPU
		{ED804086-1C1F-4549-89D9-1A7E50553A25}.Release|Any CPU.ActiveCfg = Release|Any CPU
		{ED804086-1C1F-4549-89D9-1A7E50553A25}.Release|Any CPU.Build.0 = Release|Any CPU
	EndGlobalSection
	GlobalSection(SolutionProperties) = preSolution
		HideSolutionNode = FALSE
	EndGlobalSection
	GlobalSection(ExtensibilityGlobals) = postSolution
		SolutionGuid = {8DCD4455-1FD5-4E18-8A7B-51A523BD4549}
	EndGlobalSection
EndGlobal
