
Microsoft Visual Studio Solution File, Format Version 12.00
# Visual Studio Version 17
VisualStudioVersion = 17.0.32014.148
MinimumVisualStudioVersion = 10.0.40219.1
Project("{9A19103F-16F7-4668-BE54-9A1E7A4F7556}") = "Syncfusion.DocIODemos.WinUI_lib_Net60", "Syncfusion.DocIODemos.WinUI_lib_Net60.csproj", "{BD54F9B1-716F-443F-9C86-EBE45EBEAC61}"
EndProject
Global
	GlobalSection(SolutionConfigurationPlatforms) = preSolution
		Debug|Any CPU = Debug|Any CPU
		Release|Any CPU = Release|Any CPU
	EndGlobalSection
	GlobalSection(ProjectConfigurationPlatforms) = postSolution
		{BD54F9B1-716F-443F-9C86-EBE45EBEAC61}.Debug|Any CPU.ActiveCfg = Debug|Any CPU
		{BD54F9B1-716F-443F-9C86-EBE45EBEAC61}.Debug|Any CPU.Build.0 = Debug|Any CPU
		{BD54F9B1-716F-443F-9C86-EBE45EBEAC61}.Release|Any CPU.ActiveCfg = Release|Any CPU
		{BD54F9B1-716F-443F-9C86-EBE45EBEAC61}.Release|Any CPU.Build.0 = Release|Any CPU
	EndGlobalSection
	GlobalSection(SolutionProperties) = preSolution
		HideSolutionNode = FALSE
	EndGlobalSection
	GlobalSection(ExtensibilityGlobals) = postSolution
		SolutionGuid = {C104B916-D546-4270-B6DD-1FCC3141A8EE}
	EndGlobalSection
EndGlobal
