
Microsoft Visual Studio Solution File, Format Version 12.00
# Visual Studio Version 17
VisualStudioVersion = 17.0.32014.148
MinimumVisualStudioVersion = 10.0.40219.1
Project("{9A19103F-16F7-4668-BE54-9A1E7A4F7556}") = "Syncfusion.TreeGridDemos.WinUI_lib_Net60", "Syncfusion.TreeGridDemos.WinUI_lib_Net60.csproj", "{5E616E93-AAA6-4EEB-8443-E5FF450C2E42}"
EndProject
Global
	GlobalSection(SolutionConfigurationPlatforms) = preSolution
		Debug|Any CPU = Debug|Any CPU
		Release|Any CPU = Release|Any CPU
	EndGlobalSection
	GlobalSection(ProjectConfigurationPlatforms) = postSolution
		{5E616E93-AAA6-4EEB-8443-E5FF450C2E42}.Debug|Any CPU.ActiveCfg = Debug|Any CPU
		{5E616E93-AAA6-4EEB-8443-E5FF450C2E42}.Debug|Any CPU.Build.0 = Debug|Any CPU
		{5E616E93-AAA6-4EEB-8443-E5FF450C2E42}.Release|Any CPU.ActiveCfg = Release|Any CPU
		{5E616E93-AAA6-4EEB-8443-E5FF450C2E42}.Release|Any CPU.Build.0 = Release|Any CPU
	EndGlobalSection
	GlobalSection(SolutionProperties) = preSolution
		HideSolutionNode = FALSE
	EndGlobalSection
	GlobalSection(ExtensibilityGlobals) = postSolution
		SolutionGuid = {06B6F2F6-AEDE-4005-8519-7F88C81D5C06}
	EndGlobalSection
EndGlobal
